
Microsoft Visual Studio Solution File, Format Version 12.00
# Visual Studio 15
VisualStudioVersion = 15.0.28307.757
MinimumVisualStudioVersion = 10.0.40219.1
Project("{E24C65DC-7377-472B-9ABA-BC803B73C61A}") = "Slate_Intergration_Prod", "Slate_Intergration_Prod\", "{3B759AD0-B817-462C-A0A4-43C82321EDDF}"
	ProjectSection(WebsiteProperties) = preProject
		TargetFrameworkMoniker = ".NETFramework,Version%3Dv4.5"
		Debug.AspNetCompiler.VirtualPath = "/localhost_62244"
		Debug.AspNetCompiler.PhysicalPath = "Slate_Intergration_Prod\"
		Debug.AspNetCompiler.TargetPath = "PrecompiledWeb\localhost_62244\"
		Debug.AspNetCompiler.Updateable = "true"
		Debug.AspNetCompiler.ForceOverwrite = "true"
		Debug.AspNetCompiler.FixedNames = "false"
		Debug.AspNetCompiler.Debug = "True"
		Release.AspNetCompiler.VirtualPath = "/localhost_62244"
		Release.AspNetCompiler.PhysicalPath = "Slate_Intergration_Prod\"
		Release.AspNetCompiler.TargetPath = "PrecompiledWeb\localhost_62244\"
		Release.AspNetCompiler.Updateable = "true"
		Release.AspNetCompiler.ForceOverwrite = "true"
		Release.AspNetCompiler.FixedNames = "false"
		Release.AspNetCompiler.Debug = "False"
		VWDPort = "62244"
		SlnRelativePath = "Slate_Intergration_Prod\"
		DefaultWebSiteLanguage = "Visual C#"
	EndProjectSection
EndProject
Global
	GlobalSection(SolutionConfigurationPlatforms) = preSolution
		Debug|Any CPU = Debug|Any CPU
	EndGlobalSection
	GlobalSection(ProjectConfigurationPlatforms) = postSolution
		{3B759AD0-B817-462C-A0A4-43C82321EDDF}.Debug|Any CPU.ActiveCfg = Debug|Any CPU
		{3B759AD0-B817-462C-A0A4-43C82321EDDF}.Debug|Any CPU.Build.0 = Debug|Any CPU
	EndGlobalSection
	GlobalSection(SolutionProperties) = preSolution
		HideSolutionNode = FALSE
	EndGlobalSection
	GlobalSection(ExtensibilityGlobals) = postSolution
		SolutionGuid = {06793A46-5642-4DE7-BE4D-BCF1B31ED9B8}
	EndGlobalSection
EndGlobal
